
Microsoft Visual Studio Solution File, Format Version 12.00
# Visual Studio 2013
VisualStudioVersion = 12.0.0.0
Project("{2150E333-8FDC-42A3-9474-1A3956D46DE8}") = "src", "src", "{8BEF322A-D3D6-411C-929A-F5E33E73A583}"
EndProject
Project("{F2A71F9B-5D33-465A-A702-920D77279786}") = "RPiBotFs", "src\RPiBotFs.fsproj", "{7164557B-1E19-4FF6-B971-C972BD34BC16}"
EndProject
Project("{2150E333-8FDC-42A3-9474-1A3956D46DE8}") = "tests", "tests", "{23A46DC7-AB49-401F-BF26-4B36E8ECD6F0}"
EndProject
Project("{F2A71F9B-5D33-465A-A702-920D77279786}") = "RPiBotFs.Tests", "tests\RPiBotFs.Tests\RPiBotFs.Tests.fsproj", "{A62F5B41-F0B2-45F4-88B2-EFFF62510377}"
EndProject
Project("{F2A71F9B-5D33-465A-A702-920D77279786}") = "Contracts", "src\Contracts\Contracts.fsproj", "{FB8F2274-D111-4E03-AD4E-8BE3ADCEC8B4}"
EndProject
Global
	GlobalSection(ProjectConfigurationPlatforms) = postSolution
		{7164557B-1E19-4FF6-B971-C972BD34BC16}.Debug|Any CPU.ActiveCfg = Debug|Any CPU
		{7164557B-1E19-4FF6-B971-C972BD34BC16}.Debug|Any CPU.Build.0 = Debug|Any CPU
		{7164557B-1E19-4FF6-B971-C972BD34BC16}.Release|Any CPU.ActiveCfg = Release|Any CPU
		{7164557B-1E19-4FF6-B971-C972BD34BC16}.Release|Any CPU.Build.0 = Release|Any CPU
		{A62F5B41-F0B2-45F4-88B2-EFFF62510377}.Debug|Any CPU.ActiveCfg = Debug|Any CPU
		{A62F5B41-F0B2-45F4-88B2-EFFF62510377}.Debug|Any CPU.Build.0 = Debug|Any CPU
		{A62F5B41-F0B2-45F4-88B2-EFFF62510377}.Release|Any CPU.ActiveCfg = Release|Any CPU
		{A62F5B41-F0B2-45F4-88B2-EFFF62510377}.Release|Any CPU.Build.0 = Release|Any CPU
		{FB8F2274-D111-4E03-AD4E-8BE3ADCEC8B4}.Debug|Any CPU.ActiveCfg = Debug|Any CPU
		{FB8F2274-D111-4E03-AD4E-8BE3ADCEC8B4}.Debug|Any CPU.Build.0 = Debug|Any CPU
		{FB8F2274-D111-4E03-AD4E-8BE3ADCEC8B4}.Release|Any CPU.ActiveCfg = Release|Any CPU
		{FB8F2274-D111-4E03-AD4E-8BE3ADCEC8B4}.Release|Any CPU.Build.0 = Release|Any CPU
	EndGlobalSection
	GlobalSection(SolutionConfigurationPlatforms) = preSolution
		Debug|Any CPU = Debug|Any CPU
		Release|Any CPU = Release|Any CPU
	EndGlobalSection
	GlobalSection(NestedProjects) = preSolution
		{7164557B-1E19-4FF6-B971-C972BD34BC16} = {8BEF322A-D3D6-411C-929A-F5E33E73A583}
		{A62F5B41-F0B2-45F4-88B2-EFFF62510377} = {23A46DC7-AB49-401F-BF26-4B36E8ECD6F0}
		{FB8F2274-D111-4E03-AD4E-8BE3ADCEC8B4} = {8BEF322A-D3D6-411C-929A-F5E33E73A583}
	EndGlobalSection
EndGlobal
